
Microsoft Visual Studio Solution File, Format Version 12.00
# Visual Studio Version 17
VisualStudioVersion = 17.4.33213.308
MinimumVisualStudioVersion = 10.0.40219.1
Project("{9A19103F-16F7-4668-BE54-9A1E7A4F7556}") = "WebApp", "WebApp\WebApp.csproj", "{86AE204B-E4B3-48C2-8664-F1BEA8BB18DB}"
EndProject
Project("{9A19103F-16F7-4668-BE54-9A1E7A4F7556}") = "P01-MVC", "P01-MVC\P01-MVC.csproj", "{FEA22B25-8D2A-4E4D-99B9-A2FE1117D863}"
EndProject
Project("{9A19103F-16F7-4668-BE54-9A1E7A4F7556}") = "P02_Dependency", "P02_Dependency\P02_Dependency.csproj", "{A056CDE7-E92C-436E-B34F-B647F0EE9FC6}"
EndProject
Project("{9A19103F-16F7-4668-BE54-9A1E7A4F7556}") = "P03_CodeFirst", "P03_CodeFirst\P03_CodeFirst.csproj", "{BF4845B8-0F61-45DD-85E4-BEF03CAF8977}"
EndProject
Project("{9A19103F-16F7-4668-BE54-9A1E7A4F7556}") = "P04_RelationDB", "P04_RelationDB\P04_RelationDB.csproj", "{14131D13-8045-44F3-A2C6-681AD70DE07D}"
EndProject
Project("{9A19103F-16F7-4668-BE54-9A1E7A4F7556}") = "P05_UploadFile", "P05_UploadFile\P05_UploadFile.csproj", "{24F26B85-652E-456F-B219-13DEB13A7100}"
EndProject
Project("{9A19103F-16F7-4668-BE54-9A1E7A4F7556}") = "P06_Authen", "P06_Authen\P06_Authen.csproj", "{EAB0A718-C960-455F-8796-EF8F5A85ACAF}"
EndProject
Project("{9A19103F-16F7-4668-BE54-9A1E7A4F7556}") = "P07_AuthenDB", "P07_AuthenDB\P07_AuthenDB.csproj", "{B035FA8D-6D8C-49A1-96AA-873FD81F404B}"
EndProject
Project("{FAE04EC0-301F-11D3-BF4B-00C04F79EFBC}") = "P08_Authorization", "P08_Authorization\P08_Authorization.csproj", "{96E5CA8D-0141-46B4-9C6C-FF1466A00360}"
EndProject
Global
	GlobalSection(SolutionConfigurationPlatforms) = preSolution
		Debug|Any CPU = Debug|Any CPU
		Release|Any CPU = Release|Any CPU
	EndGlobalSection
	GlobalSection(ProjectConfigurationPlatforms) = postSolution
		{86AE204B-E4B3-48C2-8664-F1BEA8BB18DB}.Debug|Any CPU.ActiveCfg = Debug|Any CPU
		{86AE204B-E4B3-48C2-8664-F1BEA8BB18DB}.Debug|Any CPU.Build.0 = Debug|Any CPU
		{86AE204B-E4B3-48C2-8664-F1BEA8BB18DB}.Release|Any CPU.ActiveCfg = Release|Any CPU
		{86AE204B-E4B3-48C2-8664-F1BEA8BB18DB}.Release|Any CPU.Build.0 = Release|Any CPU
		{FEA22B25-8D2A-4E4D-99B9-A2FE1117D863}.Debug|Any CPU.ActiveCfg = Debug|Any CPU
		{FEA22B25-8D2A-4E4D-99B9-A2FE1117D863}.Debug|Any CPU.Build.0 = Debug|Any CPU
		{FEA22B25-8D2A-4E4D-99B9-A2FE1117D863}.Release|Any CPU.ActiveCfg = Release|Any CPU
		{FEA22B25-8D2A-4E4D-99B9-A2FE1117D863}.Release|Any CPU.Build.0 = Release|Any CPU
		{A056CDE7-E92C-436E-B34F-B647F0EE9FC6}.Debug|Any CPU.ActiveCfg = Debug|Any CPU
		{A056CDE7-E92C-436E-B34F-B647F0EE9FC6}.Debug|Any CPU.Build.0 = Debug|Any CPU
		{A056CDE7-E92C-436E-B34F-B647F0EE9FC6}.Release|Any CPU.ActiveCfg = Release|Any CPU
		{A056CDE7-E92C-436E-B34F-B647F0EE9FC6}.Release|Any CPU.Build.0 = Release|Any CPU
		{BF4845B8-0F61-45DD-85E4-BEF03CAF8977}.Debug|Any CPU.ActiveCfg = Debug|Any CPU
		{BF4845B8-0F61-45DD-85E4-BEF03CAF8977}.Debug|Any CPU.Build.0 = Debug|Any CPU
		{BF4845B8-0F61-45DD-85E4-BEF03CAF8977}.Release|Any CPU.ActiveCfg = Release|Any CPU
		{BF4845B8-0F61-45DD-85E4-BEF03CAF8977}.Release|Any CPU.Build.0 = Release|Any CPU
		{14131D13-8045-44F3-A2C6-681AD70DE07D}.Debug|Any CPU.ActiveCfg = Debug|Any CPU
		{14131D13-8045-44F3-A2C6-681AD70DE07D}.Debug|Any CPU.Build.0 = Debug|Any CPU
		{14131D13-8045-44F3-A2C6-681AD70DE07D}.Release|Any CPU.ActiveCfg = Release|Any CPU
		{14131D13-8045-44F3-A2C6-681AD70DE07D}.Release|Any CPU.Build.0 = Release|Any CPU
		{24F26B85-652E-456F-B219-13DEB13A7100}.Debug|Any CPU.ActiveCfg = Debug|Any CPU
		{24F26B85-652E-456F-B219-13DEB13A7100}.Debug|Any CPU.Build.0 = Debug|Any CPU
		{24F26B85-652E-456F-B219-13DEB13A7100}.Release|Any CPU.ActiveCfg = Release|Any CPU
		{24F26B85-652E-456F-B219-13DEB13A7100}.Release|Any CPU.Build.0 = Release|Any CPU
		{EAB0A718-C960-455F-8796-EF8F5A85ACAF}.Debug|Any CPU.ActiveCfg = Debug|Any CPU
		{EAB0A718-C960-455F-8796-EF8F5A85ACAF}.Debug|Any CPU.Build.0 = Debug|Any CPU
		{EAB0A718-C960-455F-8796-EF8F5A85ACAF}.Release|Any CPU.ActiveCfg = Release|Any CPU
		{EAB0A718-C960-455F-8796-EF8F5A85ACAF}.Release|Any CPU.Build.0 = Release|Any CPU
		{B035FA8D-6D8C-49A1-96AA-873FD81F404B}.Debug|Any CPU.ActiveCfg = Debug|Any CPU
		{B035FA8D-6D8C-49A1-96AA-873FD81F404B}.Debug|Any CPU.Build.0 = Debug|Any CPU
		{B035FA8D-6D8C-49A1-96AA-873FD81F404B}.Release|Any CPU.ActiveCfg = Release|Any CPU
		{B035FA8D-6D8C-49A1-96AA-873FD81F404B}.Release|Any CPU.Build.0 = Release|Any CPU
		{96E5CA8D-0141-46B4-9C6C-FF1466A00360}.Debug|Any CPU.ActiveCfg = Debug|Any CPU
		{96E5CA8D-0141-46B4-9C6C-FF1466A00360}.Debug|Any CPU.Build.0 = Debug|Any CPU
		{96E5CA8D-0141-46B4-9C6C-FF1466A00360}.Release|Any CPU.ActiveCfg = Release|Any CPU
		{96E5CA8D-0141-46B4-9C6C-FF1466A00360}.Release|Any CPU.Build.0 = Release|Any CPU
	EndGlobalSection
	GlobalSection(SolutionProperties) = preSolution
		HideSolutionNode = FALSE
	EndGlobalSection
	GlobalSection(ExtensibilityGlobals) = postSolution
		SolutionGuid = {9808179B-9117-45AD-813E-516351CB913E}
	EndGlobalSection
EndGlobal
